
Microsoft Visual Studio Solution File, Format Version 12.00
# Visual Studio Version 16
VisualStudioVersion = 16.0.31205.134
MinimumVisualStudioVersion = 10.0.40219.1
Project("{FAE04EC0-301F-11D3-BF4B-00C04F79EFBC}") = "DemoFunction", "DemoFunction\DemoFunction.csproj", "{5BF5A159-0D7B-423A-9CE9-E5379253F477}"
EndProject
Global
	GlobalSection(SolutionConfigurationPlatforms) = preSolution
		Debug|Any CPU = Debug|Any CPU
		Release|Any CPU = Release|Any CPU
	EndGlobalSection
	GlobalSection(ProjectConfigurationPlatforms) = postSolution
		{5BF5A159-0D7B-423A-9CE9-E5379253F477}.Debug|Any CPU.ActiveCfg = Debug|Any CPU
		{5BF5A159-0D7B-423A-9CE9-E5379253F477}.Debug|Any CPU.Build.0 = Debug|Any CPU
		{5BF5A159-0D7B-423A-9CE9-E5379253F477}.Release|Any CPU.ActiveCfg = Release|Any CPU
		{5BF5A159-0D7B-423A-9CE9-E5379253F477}.Release|Any CPU.Build.0 = Release|Any CPU
	EndGlobalSection
	GlobalSection(SolutionProperties) = preSolution
		HideSolutionNode = FALSE
	EndGlobalSection
	GlobalSection(ExtensibilityGlobals) = postSolution
		SolutionGuid = {BCE2E53B-A6C7-41F9-A75A-DDD893FB8173}
	EndGlobalSection
EndGlobal
